
Microsoft Visual Studio Solution File, Format Version 12.00
# Visual Studio Version 16
VisualStudioVersion = 16.0.31229.75
MinimumVisualStudioVersion = 15.0.26124.0
Project("{2150E333-8FDC-42A3-9474-1A3956D46DE8}") = "src", "src", "{FC16A82E-404B-47FF-B697-CF83DAD8C637}"
EndProject
Project("{9A19103F-16F7-4668-BE54-9A1E7A4F7556}") = "Pizza.Data", "src\Pizza.Data\Pizza.Data.csproj", "{D0A7514D-F288-4BD8-8F73-5849CF5943D9}"
EndProject
Project("{9A19103F-16F7-4668-BE54-9A1E7A4F7556}") = "Frontend", "src\Frontend\Frontend.csproj", "{73FFE172-CA77-4DDC-B748-B2D45334DFC7}"
EndProject
Project("{2150E333-8FDC-42A3-9474-1A3956D46DE8}") = "test", "test", "{B14318FC-513A-4B00-B523-C16956C9ACB9}"
EndProject
Project("{9A19103F-16F7-4668-BE54-9A1E7A4F7556}") = "TestHelpers", "test\TestHelpers\TestHelpers.csproj", "{38B2C4D3-8A9B-4750-8771-7F6B03252077}"
EndProject
Project("{9A19103F-16F7-4668-BE54-9A1E7A4F7556}") = "Orders.PubSub", "src\Orders.PubSub\Orders.PubSub.csproj", "{94BCC31D-3900-45AA-9AC5-AF782738C667}"
EndProject
Project("{2150E333-8FDC-42A3-9474-1A3956D46DE8}") = "files", "files", "{2E1F0229-94D0-434C-ACC6-3DB6F47AA8A0}"
	ProjectSection(SolutionItems) = preProject
		README.md = README.md
		tye.yaml = tye.yaml
		files\decimal\decimal.proto = files\decimal\decimal.proto
		files\decimal\DecimalValue.cs = files\decimal\DecimalValue.cs
	EndProjectSection
EndProject
Project("{2150E333-8FDC-42A3-9474-1A3956D46DE8}") = "tools", "tools", "{3AAFB89A-6180-4DA1-9FBA-9684EF6CCE9D}"
EndProject
Project("{9A19103F-16F7-4668-BE54-9A1E7A4F7556}") = "CreateData", "tools\CreateData\CreateData.csproj", "{FEA9974C-E966-4ECF-B0BA-DEEFA756FF12}"
EndProject
Project("{9A19103F-16F7-4668-BE54-9A1E7A4F7556}") = "Ingredients", "src\Ingredients\Ingredients.csproj", "{CF6A9613-1D94-4CC4-B2B8-B16C87F80462}"
EndProject
Project("{9A19103F-16F7-4668-BE54-9A1E7A4F7556}") = "Ingredients.Tests", "test\Ingredients.Tests\Ingredients.Tests.csproj", "{F312BA95-CA6E-4187-B022-138490B97DF6}"
EndProject
Project("{FAE04EC0-301F-11D3-BF4B-00C04F79EFBC}") = "Orders", "src\Orders\Orders.csproj", "{06A6C47F-EF21-4832-A4C9-6330BC3DC33E}"
EndProject
Project("{FAE04EC0-301F-11D3-BF4B-00C04F79EFBC}") = "ShopConsole", "src\ShopConsole\ShopConsole.csproj", "{FAFF3A7D-8DB6-4FFB-87D0-31DC7C34468D}"
EndProject
Project("{FAE04EC0-301F-11D3-BF4B-00C04F79EFBC}") = "AuthHelp", "src\AuthHelp\AuthHelp.csproj", "{ED05415A-27E8-495E-824B-351F54AF9B70}"
EndProject
Global
	GlobalSection(SolutionConfigurationPlatforms) = preSolution
		Debug|Any CPU = Debug|Any CPU
		Debug|x64 = Debug|x64
		Debug|x86 = Debug|x86
		Release|Any CPU = Release|Any CPU
		Release|x64 = Release|x64
		Release|x86 = Release|x86
	EndGlobalSection
	GlobalSection(ProjectConfigurationPlatforms) = postSolution
		{D0A7514D-F288-4BD8-8F73-5849CF5943D9}.Debug|Any CPU.ActiveCfg = Debug|Any CPU
		{D0A7514D-F288-4BD8-8F73-5849CF5943D9}.Debug|Any CPU.Build.0 = Debug|Any CPU
		{D0A7514D-F288-4BD8-8F73-5849CF5943D9}.Debug|x64.ActiveCfg = Debug|Any CPU
		{D0A7514D-F288-4BD8-8F73-5849CF5943D9}.Debug|x64.Build.0 = Debug|Any CPU
		{D0A7514D-F288-4BD8-8F73-5849CF5943D9}.Debug|x86.ActiveCfg = Debug|Any CPU
		{D0A7514D-F288-4BD8-8F73-5849CF5943D9}.Debug|x86.Build.0 = Debug|Any CPU
		{D0A7514D-F288-4BD8-8F73-5849CF5943D9}.Release|Any CPU.ActiveCfg = Release|Any CPU
		{D0A7514D-F288-4BD8-8F73-5849CF5943D9}.Release|Any CPU.Build.0 = Release|Any CPU
		{D0A7514D-F288-4BD8-8F73-5849CF5943D9}.Release|x64.ActiveCfg = Release|Any CPU
		{D0A7514D-F288-4BD8-8F73-5849CF5943D9}.Release|x64.Build.0 = Release|Any CPU
		{D0A7514D-F288-4BD8-8F73-5849CF5943D9}.Release|x86.ActiveCfg = Release|Any CPU
		{D0A7514D-F288-4BD8-8F73-5849CF5943D9}.Release|x86.Build.0 = Release|Any CPU
		{73FFE172-CA77-4DDC-B748-B2D45334DFC7}.Debug|Any CPU.ActiveCfg = Debug|Any CPU
		{73FFE172-CA77-4DDC-B748-B2D45334DFC7}.Debug|Any CPU.Build.0 = Debug|Any CPU
		{73FFE172-CA77-4DDC-B748-B2D45334DFC7}.Debug|x64.ActiveCfg = Debug|Any CPU
		{73FFE172-CA77-4DDC-B748-B2D45334DFC7}.Debug|x64.Build.0 = Debug|Any CPU
		{73FFE172-CA77-4DDC-B748-B2D45334DFC7}.Debug|x86.ActiveCfg = Debug|Any CPU
		{73FFE172-CA77-4DDC-B748-B2D45334DFC7}.Debug|x86.Build.0 = Debug|Any CPU
		{73FFE172-CA77-4DDC-B748-B2D45334DFC7}.Release|Any CPU.ActiveCfg = Release|Any CPU
		{73FFE172-CA77-4DDC-B748-B2D45334DFC7}.Release|Any CPU.Build.0 = Release|Any CPU
		{73FFE172-CA77-4DDC-B748-B2D45334DFC7}.Release|x64.ActiveCfg = Release|Any CPU
		{73FFE172-CA77-4DDC-B748-B2D45334DFC7}.Release|x64.Build.0 = Release|Any CPU
		{73FFE172-CA77-4DDC-B748-B2D45334DFC7}.Release|x86.ActiveCfg = Release|Any CPU
		{73FFE172-CA77-4DDC-B748-B2D45334DFC7}.Release|x86.Build.0 = Release|Any CPU
		{38B2C4D3-8A9B-4750-8771-7F6B03252077}.Debug|Any CPU.ActiveCfg = Debug|Any CPU
		{38B2C4D3-8A9B-4750-8771-7F6B03252077}.Debug|Any CPU.Build.0 = Debug|Any CPU
		{38B2C4D3-8A9B-4750-8771-7F6B03252077}.Debug|x64.ActiveCfg = Debug|Any CPU
		{38B2C4D3-8A9B-4750-8771-7F6B03252077}.Debug|x64.Build.0 = Debug|Any CPU
		{38B2C4D3-8A9B-4750-8771-7F6B03252077}.Debug|x86.ActiveCfg = Debug|Any CPU
		{38B2C4D3-8A9B-4750-8771-7F6B03252077}.Debug|x86.Build.0 = Debug|Any CPU
		{38B2C4D3-8A9B-4750-8771-7F6B03252077}.Release|Any CPU.ActiveCfg = Release|Any CPU
		{38B2C4D3-8A9B-4750-8771-7F6B03252077}.Release|Any CPU.Build.0 = Release|Any CPU
		{38B2C4D3-8A9B-4750-8771-7F6B03252077}.Release|x64.ActiveCfg = Release|Any CPU
		{38B2C4D3-8A9B-4750-8771-7F6B03252077}.Release|x64.Build.0 = Release|Any CPU
		{38B2C4D3-8A9B-4750-8771-7F6B03252077}.Release|x86.ActiveCfg = Release|Any CPU
		{38B2C4D3-8A9B-4750-8771-7F6B03252077}.Release|x86.Build.0 = Release|Any CPU
		{94BCC31D-3900-45AA-9AC5-AF782738C667}.Debug|Any CPU.ActiveCfg = Debug|Any CPU
		{94BCC31D-3900-45AA-9AC5-AF782738C667}.Debug|Any CPU.Build.0 = Debug|Any CPU
		{94BCC31D-3900-45AA-9AC5-AF782738C667}.Debug|x64.ActiveCfg = Debug|Any CPU
		{94BCC31D-3900-45AA-9AC5-AF782738C667}.Debug|x64.Build.0 = Debug|Any CPU
		{94BCC31D-3900-45AA-9AC5-AF782738C667}.Debug|x86.ActiveCfg = Debug|Any CPU
		{94BCC31D-3900-45AA-9AC5-AF782738C667}.Debug|x86.Build.0 = Debug|Any CPU
		{94BCC31D-3900-45AA-9AC5-AF782738C667}.Release|Any CPU.ActiveCfg = Release|Any CPU
		{94BCC31D-3900-45AA-9AC5-AF782738C667}.Release|Any CPU.Build.0 = Release|Any CPU
		{94BCC31D-3900-45AA-9AC5-AF782738C667}.Release|x64.ActiveCfg = Release|Any CPU
		{94BCC31D-3900-45AA-9AC5-AF782738C667}.Release|x64.Build.0 = Release|Any CPU
		{94BCC31D-3900-45AA-9AC5-AF782738C667}.Release|x86.ActiveCfg = Release|Any CPU
		{94BCC31D-3900-45AA-9AC5-AF782738C667}.Release|x86.Build.0 = Release|Any CPU
		{FEA9974C-E966-4ECF-B0BA-DEEFA756FF12}.Debug|Any CPU.ActiveCfg = Debug|Any CPU
		{FEA9974C-E966-4ECF-B0BA-DEEFA756FF12}.Debug|Any CPU.Build.0 = Debug|Any CPU
		{FEA9974C-E966-4ECF-B0BA-DEEFA756FF12}.Debug|x64.ActiveCfg = Debug|Any CPU
		{FEA9974C-E966-4ECF-B0BA-DEEFA756FF12}.Debug|x64.Build.0 = Debug|Any CPU
		{FEA9974C-E966-4ECF-B0BA-DEEFA756FF12}.Debug|x86.ActiveCfg = Debug|Any CPU
		{FEA9974C-E966-4ECF-B0BA-DEEFA756FF12}.Debug|x86.Build.0 = Debug|Any CPU
		{FEA9974C-E966-4ECF-B0BA-DEEFA756FF12}.Release|Any CPU.ActiveCfg = Release|Any CPU
		{FEA9974C-E966-4ECF-B0BA-DEEFA756FF12}.Release|Any CPU.Build.0 = Release|Any CPU
		{FEA9974C-E966-4ECF-B0BA-DEEFA756FF12}.Release|x64.ActiveCfg = Release|Any CPU
		{FEA9974C-E966-4ECF-B0BA-DEEFA756FF12}.Release|x64.Build.0 = Release|Any CPU
		{FEA9974C-E966-4ECF-B0BA-DEEFA756FF12}.Release|x86.ActiveCfg = Release|Any CPU
		{FEA9974C-E966-4ECF-B0BA-DEEFA756FF12}.Release|x86.Build.0 = Release|Any CPU
		{CF6A9613-1D94-4CC4-B2B8-B16C87F80462}.Debug|Any CPU.ActiveCfg = Debug|Any CPU
		{CF6A9613-1D94-4CC4-B2B8-B16C87F80462}.Debug|Any CPU.Build.0 = Debug|Any CPU
		{CF6A9613-1D94-4CC4-B2B8-B16C87F80462}.Debug|x64.ActiveCfg = Debug|Any CPU
		{CF6A9613-1D94-4CC4-B2B8-B16C87F80462}.Debug|x64.Build.0 = Debug|Any CPU
		{CF6A9613-1D94-4CC4-B2B8-B16C87F80462}.Debug|x86.ActiveCfg = Debug|Any CPU
		{CF6A9613-1D94-4CC4-B2B8-B16C87F80462}.Debug|x86.Build.0 = Debug|Any CPU
		{CF6A9613-1D94-4CC4-B2B8-B16C87F80462}.Release|Any CPU.ActiveCfg = Release|Any CPU
		{CF6A9613-1D94-4CC4-B2B8-B16C87F80462}.Release|Any CPU.Build.0 = Release|Any CPU
		{CF6A9613-1D94-4CC4-B2B8-B16C87F80462}.Release|x64.ActiveCfg = Release|Any CPU
		{CF6A9613-1D94-4CC4-B2B8-B16C87F80462}.Release|x64.Build.0 = Release|Any CPU
		{CF6A9613-1D94-4CC4-B2B8-B16C87F80462}.Release|x86.ActiveCfg = Release|Any CPU
		{CF6A9613-1D94-4CC4-B2B8-B16C87F80462}.Release|x86.Build.0 = Release|Any CPU
		{F312BA95-CA6E-4187-B022-138490B97DF6}.Debug|Any CPU.ActiveCfg = Debug|Any CPU
		{F312BA95-CA6E-4187-B022-138490B97DF6}.Debug|Any CPU.Build.0 = Debug|Any CPU
		{F312BA95-CA6E-4187-B022-138490B97DF6}.Debug|x64.ActiveCfg = Debug|Any CPU
		{F312BA95-CA6E-4187-B022-138490B97DF6}.Debug|x64.Build.0 = Debug|Any CPU
		{F312BA95-CA6E-4187-B022-138490B97DF6}.Debug|x86.ActiveCfg = Debug|Any CPU
		{F312BA95-CA6E-4187-B022-138490B97DF6}.Debug|x86.Build.0 = Debug|Any CPU
		{F312BA95-CA6E-4187-B022-138490B97DF6}.Release|Any CPU.ActiveCfg = Release|Any CPU
		{F312BA95-CA6E-4187-B022-138490B97DF6}.Release|Any CPU.Build.0 = Release|Any CPU
		{F312BA95-CA6E-4187-B022-138490B97DF6}.Release|x64.ActiveCfg = Release|Any CPU
		{F312BA95-CA6E-4187-B022-138490B97DF6}.Release|x64.Build.0 = Release|Any CPU
		{F312BA95-CA6E-4187-B022-138490B97DF6}.Release|x86.ActiveCfg = Release|Any CPU
		{F312BA95-CA6E-4187-B022-138490B97DF6}.Release|x86.Build.0 = Release|Any CPU
		{06A6C47F-EF21-4832-A4C9-6330BC3DC33E}.Debug|Any CPU.ActiveCfg = Debug|Any CPU
		{06A6C47F-EF21-4832-A4C9-6330BC3DC33E}.Debug|Any CPU.Build.0 = Debug|Any CPU
		{06A6C47F-EF21-4832-A4C9-6330BC3DC33E}.Debug|x64.ActiveCfg = Debug|Any CPU
		{06A6C47F-EF21-4832-A4C9-6330BC3DC33E}.Debug|x64.Build.0 = Debug|Any CPU
		{06A6C47F-EF21-4832-A4C9-6330BC3DC33E}.Debug|x86.ActiveCfg = Debug|Any CPU
		{06A6C47F-EF21-4832-A4C9-6330BC3DC33E}.Debug|x86.Build.0 = Debug|Any CPU
		{06A6C47F-EF21-4832-A4C9-6330BC3DC33E}.Release|Any CPU.ActiveCfg = Release|Any CPU
		{06A6C47F-EF21-4832-A4C9-6330BC3DC33E}.Release|Any CPU.Build.0 = Release|Any CPU
		{06A6C47F-EF21-4832-A4C9-6330BC3DC33E}.Release|x64.ActiveCfg = Release|Any CPU
		{06A6C47F-EF21-4832-A4C9-6330BC3DC33E}.Release|x64.Build.0 = Release|Any CPU
		{06A6C47F-EF21-4832-A4C9-6330BC3DC33E}.Release|x86.ActiveCfg = Release|Any CPU
		{06A6C47F-EF21-4832-A4C9-6330BC3DC33E}.Release|x86.Build.0 = Release|Any CPU
		{FAFF3A7D-8DB6-4FFB-87D0-31DC7C34468D}.Debug|Any CPU.ActiveCfg = Debug|Any CPU
		{FAFF3A7D-8DB6-4FFB-87D0-31DC7C34468D}.Debug|Any CPU.Build.0 = Debug|Any CPU
		{FAFF3A7D-8DB6-4FFB-87D0-31DC7C34468D}.Debug|x64.ActiveCfg = Debug|Any CPU
		{FAFF3A7D-8DB6-4FFB-87D0-31DC7C34468D}.Debug|x64.Build.0 = Debug|Any CPU
		{FAFF3A7D-8DB6-4FFB-87D0-31DC7C34468D}.Debug|x86.ActiveCfg = Debug|Any CPU
		{FAFF3A7D-8DB6-4FFB-87D0-31DC7C34468D}.Debug|x86.Build.0 = Debug|Any CPU
		{FAFF3A7D-8DB6-4FFB-87D0-31DC7C34468D}.Release|Any CPU.ActiveCfg = Release|Any CPU
		{FAFF3A7D-8DB6-4FFB-87D0-31DC7C34468D}.Release|Any CPU.Build.0 = Release|Any CPU
		{FAFF3A7D-8DB6-4FFB-87D0-31DC7C34468D}.Release|x64.ActiveCfg = Release|Any CPU
		{FAFF3A7D-8DB6-4FFB-87D0-31DC7C34468D}.Release|x64.Build.0 = Release|Any CPU
		{FAFF3A7D-8DB6-4FFB-87D0-31DC7C34468D}.Release|x86.ActiveCfg = Release|Any CPU
		{FAFF3A7D-8DB6-4FFB-87D0-31DC7C34468D}.Release|x86.Build.0 = Release|Any CPU
		{ED05415A-27E8-495E-824B-351F54AF9B70}.Debug|Any CPU.ActiveCfg = Debug|Any CPU
		{ED05415A-27E8-495E-824B-351F54AF9B70}.Debug|Any CPU.Build.0 = Debug|Any CPU
		{ED05415A-27E8-495E-824B-351F54AF9B70}.Debug|x64.ActiveCfg = Debug|Any CPU
		{ED05415A-27E8-495E-824B-351F54AF9B70}.Debug|x64.Build.0 = Debug|Any CPU
		{ED05415A-27E8-495E-824B-351F54AF9B70}.Debug|x86.ActiveCfg = Debug|Any CPU
		{ED05415A-27E8-495E-824B-351F54AF9B70}.Debug|x86.Build.0 = Debug|Any CPU
		{ED05415A-27E8-495E-824B-351F54AF9B70}.Release|Any CPU.ActiveCfg = Release|Any CPU
		{ED05415A-27E8-495E-824B-351F54AF9B70}.Release|Any CPU.Build.0 = Release|Any CPU
		{ED05415A-27E8-495E-824B-351F54AF9B70}.Release|x64.ActiveCfg = Release|Any CPU
		{ED05415A-27E8-495E-824B-351F54AF9B70}.Release|x64.Build.0 = Release|Any CPU
		{ED05415A-27E8-495E-824B-351F54AF9B70}.Release|x86.ActiveCfg = Release|Any CPU
		{ED05415A-27E8-495E-824B-351F54AF9B70}.Release|x86.Build.0 = Release|Any CPU
	EndGlobalSection
	GlobalSection(SolutionProperties) = preSolution
		HideSolutionNode = FALSE
	EndGlobalSection
	GlobalSection(NestedProjects) = preSolution
		{D0A7514D-F288-4BD8-8F73-5849CF5943D9} = {FC16A82E-404B-47FF-B697-CF83DAD8C637}
		{73FFE172-CA77-4DDC-B748-B2D45334DFC7} = {FC16A82E-404B-47FF-B697-CF83DAD8C637}
		{38B2C4D3-8A9B-4750-8771-7F6B03252077} = {B14318FC-513A-4B00-B523-C16956C9ACB9}
		{94BCC31D-3900-45AA-9AC5-AF782738C667} = {FC16A82E-404B-47FF-B697-CF83DAD8C637}
		{FEA9974C-E966-4ECF-B0BA-DEEFA756FF12} = {3AAFB89A-6180-4DA1-9FBA-9684EF6CCE9D}
		{CF6A9613-1D94-4CC4-B2B8-B16C87F80462} = {FC16A82E-404B-47FF-B697-CF83DAD8C637}
		{F312BA95-CA6E-4187-B022-138490B97DF6} = {B14318FC-513A-4B00-B523-C16956C9ACB9}
		{06A6C47F-EF21-4832-A4C9-6330BC3DC33E} = {FC16A82E-404B-47FF-B697-CF83DAD8C637}
		{FAFF3A7D-8DB6-4FFB-87D0-31DC7C34468D} = {FC16A82E-404B-47FF-B697-CF83DAD8C637}
		{ED05415A-27E8-495E-824B-351F54AF9B70} = {FC16A82E-404B-47FF-B697-CF83DAD8C637}
	EndGlobalSection
	GlobalSection(ExtensibilityGlobals) = postSolution
		SolutionGuid = {CDA6358A-116C-4E32-9FFD-1CD8D4465909}
	EndGlobalSection
EndGlobal
